
Microsoft Visual Studio Solution File, Format Version 12.00
# Visual Studio Version 17
VisualStudioVersion = 17.3.32929.385
MinimumVisualStudioVersion = 10.0.40219.1
Project("{9A19103F-16F7-4668-BE54-9A1E7A4F7556}") = "BuilderPayment", "DesingPatterns\BuilderPayment.csproj", "{3729C79A-754E-4E48-B7A1-62807CDB671F}"
EndProject
Project("{9A19103F-16F7-4668-BE54-9A1E7A4F7556}") = "BuilderPerson", "BuilderPerson\BuilderPerson.csproj", "{56C60AFA-74FB-4F53-AD68-9063333BAC33}"
EndProject
Project("{2150E333-8FDC-42A3-9474-1A3956D46DE8}") = "Builder", "Builder", "{C71861CA-033B-493B-BC4C-0690AE99C665}"
EndProject
Project("{2150E333-8FDC-42A3-9474-1A3956D46DE8}") = "Factory", "Factory", "{284CE88C-6F54-476B-9E40-5CC9409264AE}"
EndProject
Project("{9A19103F-16F7-4668-BE54-9A1E7A4F7556}") = "FactoryMethodPoint", "FactoryMethodPoint\FactoryMethodPoint.csproj", "{49C9478B-DDBF-4C88-ADCE-2014AFD31049}"
EndProject
Project("{9A19103F-16F7-4668-BE54-9A1E7A4F7556}") = "AbstractFactoryDrink", "AbstractFactoryDrink\AbstractFactoryDrink.csproj", "{AB8FDD24-BD96-45C0-B20D-BCE567BAA5F7}"
EndProject
Project("{9A19103F-16F7-4668-BE54-9A1E7A4F7556}") = "AbstractFactoryFurniture", "AbstractFactoryFurniture\AbstractFactoryFurniture.csproj", "{11336974-15E4-44A6-BBAF-24BB6CA65B84}"
EndProject
Project("{9A19103F-16F7-4668-BE54-9A1E7A4F7556}") = "Test", "Test\Test.csproj", "{58E34171-408B-41B0-8E70-FE976ADBDFC4}"
EndProject
Project("{2150E333-8FDC-42A3-9474-1A3956D46DE8}") = "Prototype", "Prototype", "{215B80D6-703A-417C-A5E3-E983F58AB24A}"
EndProject
Project("{9A19103F-16F7-4668-BE54-9A1E7A4F7556}") = "CarPrototype", "CarPrototype\CarPrototype.csproj", "{59F3CF7C-02D1-4662-9E6E-EF96238DB7DD}"
EndProject
Project("{2150E333-8FDC-42A3-9474-1A3956D46DE8}") = "Singleton", "Singleton", "{D912D200-5A9B-4D05-8C8C-FE9ECA2CEC84}"
EndProject
Project("{9A19103F-16F7-4668-BE54-9A1E7A4F7556}") = "LearnSingleton", "Singleton\LearnSingleton.csproj", "{ED2BE45D-E512-4B2F-992B-295C1429750E}"
EndProject
Project("{9A19103F-16F7-4668-BE54-9A1E7A4F7556}") = "WorkSingleton", "WorkSingleton\WorkSingleton.csproj", "{443D6F23-7EDF-41D8-B3E9-1AD822C587F0}"
EndProject
Project("{2150E333-8FDC-42A3-9474-1A3956D46DE8}") = "Adapter", "Adapter", "{4C8200FC-0CFF-4E69-95A1-1E6E1F12F8BE}"
EndProject
Project("{9A19103F-16F7-4668-BE54-9A1E7A4F7556}") = "AdapterPayment", "AdapterPayment\AdapterPayment.csproj", "{FDA0A735-4FD7-406D-A39F-B1EE001CF047}"
EndProject
Project("{2150E333-8FDC-42A3-9474-1A3956D46DE8}") = "Bridge", "Bridge", "{12C45501-6A73-4EDC-8A49-56B0BF1E694B}"
EndProject
Project("{9A19103F-16F7-4668-BE54-9A1E7A4F7556}") = "BridgeSocialMedia", "BridgeSocialMedia\BridgeSocialMedia.csproj", "{0F1452E4-7108-4494-B3BE-E4311FBBA239}"
EndProject
Project("{2150E333-8FDC-42A3-9474-1A3956D46DE8}") = "Composite", "Composite", "{50931EDF-D769-4C2F-9EF0-F87D74065E5E}"
EndProject
Project("{9A19103F-16F7-4668-BE54-9A1E7A4F7556}") = "CompositeRoute", "CompositeRoute\CompositeRoute.csproj", "{EAB82380-5F3D-4696-8E27-8A6EB3ADA3ED}"
EndProject
Project("{2150E333-8FDC-42A3-9474-1A3956D46DE8}") = "Decorator", "Decorator", "{A5AC40EF-A32E-47D0-9C43-024C668B90EB}"
EndProject
Project("{9A19103F-16F7-4668-BE54-9A1E7A4F7556}") = "ComputerDecorator", "ComputerDecorator\ComputerDecorator.csproj", "{DC87E58C-480C-4FBE-A9AC-A133B464FDEB}"
EndProject
Project("{2150E333-8FDC-42A3-9474-1A3956D46DE8}") = "Facade", "Facade", "{DF1E91E2-5A85-4F55-B9F0-088E8D6B9810}"
EndProject
Project("{9A19103F-16F7-4668-BE54-9A1E7A4F7556}") = "FacadeSystem", "FacadeSystem\FacadeSystem.csproj", "{4FE25E22-584C-4788-B0F2-588908074C3D}"
EndProject
Project("{2150E333-8FDC-42A3-9474-1A3956D46DE8}") = "Flyweight", "Flyweight", "{6E8E6E5A-E4F3-4A2F-B18A-EB9EF8DA8284}"
EndProject
Project("{9A19103F-16F7-4668-BE54-9A1E7A4F7556}") = "FlyweightUser", "FlyweightUser\FlyweightUser.csproj", "{1827F33D-1954-4511-A323-A9F8037EFB6F}"
EndProject
Project("{2150E333-8FDC-42A3-9474-1A3956D46DE8}") = "Proxy", "Proxy", "{8B4D3CB9-3575-4E47-B2E2-420F5646E9A4}"
EndProject
Project("{9A19103F-16F7-4668-BE54-9A1E7A4F7556}") = "Clothes", "Clothes\Clothes.csproj", "{541B48EE-DB74-4CB1-81C0-D6F51908A8EA}"
EndProject
Project("{2150E333-8FDC-42A3-9474-1A3956D46DE8}") = "ChainOfResponsibility", "ChainOfResponsibility", "{4738ADBB-2319-4654-AD95-ADABF92F31B6}"
EndProject
Project("{9A19103F-16F7-4668-BE54-9A1E7A4F7556}") = "PaymentChainOfResponsibility", "PaymentChainOfResponsibility\PaymentChainOfResponsibility.csproj", "{35F0557A-7DD6-4C01-8490-F3E529F162FF}"
EndProject
Project("{2150E333-8FDC-42A3-9474-1A3956D46DE8}") = "Command", "Command", "{2B37784E-5256-45A8-845D-1CB9CC268350}"
EndProject
Project("{9A19103F-16F7-4668-BE54-9A1E7A4F7556}") = "MessageCommand", "MessageCommand\MessageCommand.csproj", "{F725699C-201C-4945-A924-3B3F766A86D5}"
EndProject
Project("{2150E333-8FDC-42A3-9474-1A3956D46DE8}") = "Iterator", "Iterator", "{1FE071AC-6EA0-45C8-97E9-EA16D8DEBDA8}"
EndProject
Project("{9A19103F-16F7-4668-BE54-9A1E7A4F7556}") = "IteratorTest", "IteratorTest\IteratorTest.csproj", "{CFC5F13A-385F-443F-B06D-5B1181232B74}"
EndProject
Project("{2150E333-8FDC-42A3-9474-1A3956D46DE8}") = "Mediator", "Mediator", "{8724143E-909C-4640-A44C-53C83434E5F6}"
EndProject
Project("{9A19103F-16F7-4668-BE54-9A1E7A4F7556}") = "ButtonMediator", "ButtonMediator\ButtonMediator.csproj", "{D0A1AAD3-2FAD-47DA-8B65-590E79FEEA2E}"
EndProject
Project("{2150E333-8FDC-42A3-9474-1A3956D46DE8}") = "Memento", "Memento", "{F4F68853-ABEF-498B-93A4-7E54F76418EA}"
EndProject
Project("{9A19103F-16F7-4668-BE54-9A1E7A4F7556}") = "BankAccountMemento", "BankAccountMemento\BankAccountMemento.csproj", "{936772E8-9FC9-473E-BD42-0B87428A711B}"
EndProject
Project("{2150E333-8FDC-42A3-9474-1A3956D46DE8}") = "Oberserver", "Oberserver", "{C759051F-18F8-4E03-926E-559CDC3A9A7A}"
EndProject
Project("{9A19103F-16F7-4668-BE54-9A1E7A4F7556}") = "OberserverMessage", "OberserverMessage\OberserverMessage.csproj", "{BCBE1CB8-E8CF-482F-929D-7884A126C2B3}"
EndProject
Project("{2150E333-8FDC-42A3-9474-1A3956D46DE8}") = "State", "State", "{6CC772BE-27C2-46EE-8FA8-0D107DBB21BB}"
EndProject
Project("{9A19103F-16F7-4668-BE54-9A1E7A4F7556}") = "LightState", "LightState\LightState.csproj", "{69007759-BFC6-4588-A32C-B04E9DB12FC5}"
EndProject
Project("{2150E333-8FDC-42A3-9474-1A3956D46DE8}") = "Strategy", "Strategy", "{1538661A-6F66-4A0C-8EB1-B7C8BB4EB7DD}"
EndProject
Project("{9A19103F-16F7-4668-BE54-9A1E7A4F7556}") = "ProductStrategy", "ProductStrategy\ProductStrategy.csproj", "{ED6BDB6E-D0E2-4F72-A1F4-1E2A88E14641}"
EndProject
Project("{2150E333-8FDC-42A3-9474-1A3956D46DE8}") = "TempleteMethod", "TempleteMethod", "{9D3992D0-D73D-48D1-91A1-415C3539E84B}"
EndProject
Project("{9A19103F-16F7-4668-BE54-9A1E7A4F7556}") = "TemplateMethodMessage", "TemplateMethodMessage\TemplateMethodMessage.csproj", "{F92F912C-7C0B-4518-8F4E-726625234E9D}"
EndProject
Project("{2150E333-8FDC-42A3-9474-1A3956D46DE8}") = "Visitor", "Visitor", "{D30DF2E6-8536-4D9F-BF35-8D1C403F4771}"
EndProject
Project("{FAE04EC0-301F-11D3-BF4B-00C04F79EFBC}") = "Visitor", "Visitor\Visitor.csproj", "{D82E20A6-3D03-4FDF-9597-758F98556D1D}"
EndProject
Global
	GlobalSection(SolutionConfigurationPlatforms) = preSolution
		Debug|Any CPU = Debug|Any CPU
		Release|Any CPU = Release|Any CPU
	EndGlobalSection
	GlobalSection(ProjectConfigurationPlatforms) = postSolution
		{3729C79A-754E-4E48-B7A1-62807CDB671F}.Debug|Any CPU.ActiveCfg = Debug|Any CPU
		{3729C79A-754E-4E48-B7A1-62807CDB671F}.Debug|Any CPU.Build.0 = Debug|Any CPU
		{3729C79A-754E-4E48-B7A1-62807CDB671F}.Release|Any CPU.ActiveCfg = Release|Any CPU
		{3729C79A-754E-4E48-B7A1-62807CDB671F}.Release|Any CPU.Build.0 = Release|Any CPU
		{56C60AFA-74FB-4F53-AD68-9063333BAC33}.Debug|Any CPU.ActiveCfg = Debug|Any CPU
		{56C60AFA-74FB-4F53-AD68-9063333BAC33}.Debug|Any CPU.Build.0 = Debug|Any CPU
		{56C60AFA-74FB-4F53-AD68-9063333BAC33}.Release|Any CPU.ActiveCfg = Release|Any CPU
		{56C60AFA-74FB-4F53-AD68-9063333BAC33}.Release|Any CPU.Build.0 = Release|Any CPU
		{49C9478B-DDBF-4C88-ADCE-2014AFD31049}.Debug|Any CPU.ActiveCfg = Debug|Any CPU
		{49C9478B-DDBF-4C88-ADCE-2014AFD31049}.Debug|Any CPU.Build.0 = Debug|Any CPU
		{49C9478B-DDBF-4C88-ADCE-2014AFD31049}.Release|Any CPU.ActiveCfg = Release|Any CPU
		{49C9478B-DDBF-4C88-ADCE-2014AFD31049}.Release|Any CPU.Build.0 = Release|Any CPU
		{AB8FDD24-BD96-45C0-B20D-BCE567BAA5F7}.Debug|Any CPU.ActiveCfg = Debug|Any CPU
		{AB8FDD24-BD96-45C0-B20D-BCE567BAA5F7}.Debug|Any CPU.Build.0 = Debug|Any CPU
		{AB8FDD24-BD96-45C0-B20D-BCE567BAA5F7}.Release|Any CPU.ActiveCfg = Release|Any CPU
		{AB8FDD24-BD96-45C0-B20D-BCE567BAA5F7}.Release|Any CPU.Build.0 = Release|Any CPU
		{11336974-15E4-44A6-BBAF-24BB6CA65B84}.Debug|Any CPU.ActiveCfg = Debug|Any CPU
		{11336974-15E4-44A6-BBAF-24BB6CA65B84}.Debug|Any CPU.Build.0 = Debug|Any CPU
		{11336974-15E4-44A6-BBAF-24BB6CA65B84}.Release|Any CPU.ActiveCfg = Release|Any CPU
		{11336974-15E4-44A6-BBAF-24BB6CA65B84}.Release|Any CPU.Build.0 = Release|Any CPU
		{58E34171-408B-41B0-8E70-FE976ADBDFC4}.Debug|Any CPU.ActiveCfg = Debug|Any CPU
		{58E34171-408B-41B0-8E70-FE976ADBDFC4}.Debug|Any CPU.Build.0 = Debug|Any CPU
		{58E34171-408B-41B0-8E70-FE976ADBDFC4}.Release|Any CPU.ActiveCfg = Release|Any CPU
		{58E34171-408B-41B0-8E70-FE976ADBDFC4}.Release|Any CPU.Build.0 = Release|Any CPU
		{59F3CF7C-02D1-4662-9E6E-EF96238DB7DD}.Debug|Any CPU.ActiveCfg = Debug|Any CPU
		{59F3CF7C-02D1-4662-9E6E-EF96238DB7DD}.Debug|Any CPU.Build.0 = Debug|Any CPU
		{59F3CF7C-02D1-4662-9E6E-EF96238DB7DD}.Release|Any CPU.ActiveCfg = Release|Any CPU
		{59F3CF7C-02D1-4662-9E6E-EF96238DB7DD}.Release|Any CPU.Build.0 = Release|Any CPU
		{ED2BE45D-E512-4B2F-992B-295C1429750E}.Debug|Any CPU.ActiveCfg = Debug|Any CPU
		{ED2BE45D-E512-4B2F-992B-295C1429750E}.Debug|Any CPU.Build.0 = Debug|Any CPU
		{ED2BE45D-E512-4B2F-992B-295C1429750E}.Release|Any CPU.ActiveCfg = Release|Any CPU
		{ED2BE45D-E512-4B2F-992B-295C1429750E}.Release|Any CPU.Build.0 = Release|Any CPU
		{443D6F23-7EDF-41D8-B3E9-1AD822C587F0}.Debug|Any CPU.ActiveCfg = Debug|Any CPU
		{443D6F23-7EDF-41D8-B3E9-1AD822C587F0}.Debug|Any CPU.Build.0 = Debug|Any CPU
		{443D6F23-7EDF-41D8-B3E9-1AD822C587F0}.Release|Any CPU.ActiveCfg = Release|Any CPU
		{443D6F23-7EDF-41D8-B3E9-1AD822C587F0}.Release|Any CPU.Build.0 = Release|Any CPU
		{FDA0A735-4FD7-406D-A39F-B1EE001CF047}.Debug|Any CPU.ActiveCfg = Debug|Any CPU
		{FDA0A735-4FD7-406D-A39F-B1EE001CF047}.Debug|Any CPU.Build.0 = Debug|Any CPU
		{FDA0A735-4FD7-406D-A39F-B1EE001CF047}.Release|Any CPU.ActiveCfg = Release|Any CPU
		{FDA0A735-4FD7-406D-A39F-B1EE001CF047}.Release|Any CPU.Build.0 = Release|Any CPU
		{0F1452E4-7108-4494-B3BE-E4311FBBA239}.Debug|Any CPU.ActiveCfg = Debug|Any CPU
		{0F1452E4-7108-4494-B3BE-E4311FBBA239}.Debug|Any CPU.Build.0 = Debug|Any CPU
		{0F1452E4-7108-4494-B3BE-E4311FBBA239}.Release|Any CPU.ActiveCfg = Release|Any CPU
		{0F1452E4-7108-4494-B3BE-E4311FBBA239}.Release|Any CPU.Build.0 = Release|Any CPU
		{EAB82380-5F3D-4696-8E27-8A6EB3ADA3ED}.Debug|Any CPU.ActiveCfg = Debug|Any CPU
		{EAB82380-5F3D-4696-8E27-8A6EB3ADA3ED}.Debug|Any CPU.Build.0 = Debug|Any CPU
		{EAB82380-5F3D-4696-8E27-8A6EB3ADA3ED}.Release|Any CPU.ActiveCfg = Release|Any CPU
		{EAB82380-5F3D-4696-8E27-8A6EB3ADA3ED}.Release|Any CPU.Build.0 = Release|Any CPU
		{DC87E58C-480C-4FBE-A9AC-A133B464FDEB}.Debug|Any CPU.ActiveCfg = Debug|Any CPU
		{DC87E58C-480C-4FBE-A9AC-A133B464FDEB}.Debug|Any CPU.Build.0 = Debug|Any CPU
		{DC87E58C-480C-4FBE-A9AC-A133B464FDEB}.Release|Any CPU.ActiveCfg = Release|Any CPU
		{DC87E58C-480C-4FBE-A9AC-A133B464FDEB}.Release|Any CPU.Build.0 = Release|Any CPU
		{4FE25E22-584C-4788-B0F2-588908074C3D}.Debug|Any CPU.ActiveCfg = Debug|Any CPU
		{4FE25E22-584C-4788-B0F2-588908074C3D}.Debug|Any CPU.Build.0 = Debug|Any CPU
		{4FE25E22-584C-4788-B0F2-588908074C3D}.Release|Any CPU.ActiveCfg = Release|Any CPU
		{4FE25E22-584C-4788-B0F2-588908074C3D}.Release|Any CPU.Build.0 = Release|Any CPU
		{1827F33D-1954-4511-A323-A9F8037EFB6F}.Debug|Any CPU.ActiveCfg = Debug|Any CPU
		{1827F33D-1954-4511-A323-A9F8037EFB6F}.Debug|Any CPU.Build.0 = Debug|Any CPU
		{1827F33D-1954-4511-A323-A9F8037EFB6F}.Release|Any CPU.ActiveCfg = Release|Any CPU
		{1827F33D-1954-4511-A323-A9F8037EFB6F}.Release|Any CPU.Build.0 = Release|Any CPU
		{541B48EE-DB74-4CB1-81C0-D6F51908A8EA}.Debug|Any CPU.ActiveCfg = Debug|Any CPU
		{541B48EE-DB74-4CB1-81C0-D6F51908A8EA}.Debug|Any CPU.Build.0 = Debug|Any CPU
		{541B48EE-DB74-4CB1-81C0-D6F51908A8EA}.Release|Any CPU.ActiveCfg = Release|Any CPU
		{541B48EE-DB74-4CB1-81C0-D6F51908A8EA}.Release|Any CPU.Build.0 = Release|Any CPU
		{35F0557A-7DD6-4C01-8490-F3E529F162FF}.Debug|Any CPU.ActiveCfg = Debug|Any CPU
		{35F0557A-7DD6-4C01-8490-F3E529F162FF}.Debug|Any CPU.Build.0 = Debug|Any CPU
		{35F0557A-7DD6-4C01-8490-F3E529F162FF}.Release|Any CPU.ActiveCfg = Release|Any CPU
		{35F0557A-7DD6-4C01-8490-F3E529F162FF}.Release|Any CPU.Build.0 = Release|Any CPU
		{F725699C-201C-4945-A924-3B3F766A86D5}.Debug|Any CPU.ActiveCfg = Debug|Any CPU
		{F725699C-201C-4945-A924-3B3F766A86D5}.Debug|Any CPU.Build.0 = Debug|Any CPU
		{F725699C-201C-4945-A924-3B3F766A86D5}.Release|Any CPU.ActiveCfg = Release|Any CPU
		{F725699C-201C-4945-A924-3B3F766A86D5}.Release|Any CPU.Build.0 = Release|Any CPU
		{CFC5F13A-385F-443F-B06D-5B1181232B74}.Debug|Any CPU.ActiveCfg = Debug|Any CPU
		{CFC5F13A-385F-443F-B06D-5B1181232B74}.Debug|Any CPU.Build.0 = Debug|Any CPU
		{CFC5F13A-385F-443F-B06D-5B1181232B74}.Release|Any CPU.ActiveCfg = Release|Any CPU
		{CFC5F13A-385F-443F-B06D-5B1181232B74}.Release|Any CPU.Build.0 = Release|Any CPU
		{D0A1AAD3-2FAD-47DA-8B65-590E79FEEA2E}.Debug|Any CPU.ActiveCfg = Debug|Any CPU
		{D0A1AAD3-2FAD-47DA-8B65-590E79FEEA2E}.Debug|Any CPU.Build.0 = Debug|Any CPU
		{D0A1AAD3-2FAD-47DA-8B65-590E79FEEA2E}.Release|Any CPU.ActiveCfg = Release|Any CPU
		{D0A1AAD3-2FAD-47DA-8B65-590E79FEEA2E}.Release|Any CPU.Build.0 = Release|Any CPU
		{936772E8-9FC9-473E-BD42-0B87428A711B}.Debug|Any CPU.ActiveCfg = Debug|Any CPU
		{936772E8-9FC9-473E-BD42-0B87428A711B}.Debug|Any CPU.Build.0 = Debug|Any CPU
		{936772E8-9FC9-473E-BD42-0B87428A711B}.Release|Any CPU.ActiveCfg = Release|Any CPU
		{936772E8-9FC9-473E-BD42-0B87428A711B}.Release|Any CPU.Build.0 = Release|Any CPU
		{BCBE1CB8-E8CF-482F-929D-7884A126C2B3}.Debug|Any CPU.ActiveCfg = Debug|Any CPU
		{BCBE1CB8-E8CF-482F-929D-7884A126C2B3}.Debug|Any CPU.Build.0 = Debug|Any CPU
		{BCBE1CB8-E8CF-482F-929D-7884A126C2B3}.Release|Any CPU.ActiveCfg = Release|Any CPU
		{BCBE1CB8-E8CF-482F-929D-7884A126C2B3}.Release|Any CPU.Build.0 = Release|Any CPU
		{69007759-BFC6-4588-A32C-B04E9DB12FC5}.Debug|Any CPU.ActiveCfg = Debug|Any CPU
		{69007759-BFC6-4588-A32C-B04E9DB12FC5}.Debug|Any CPU.Build.0 = Debug|Any CPU
		{69007759-BFC6-4588-A32C-B04E9DB12FC5}.Release|Any CPU.ActiveCfg = Release|Any CPU
		{69007759-BFC6-4588-A32C-B04E9DB12FC5}.Release|Any CPU.Build.0 = Release|Any CPU
		{ED6BDB6E-D0E2-4F72-A1F4-1E2A88E14641}.Debug|Any CPU.ActiveCfg = Debug|Any CPU
		{ED6BDB6E-D0E2-4F72-A1F4-1E2A88E14641}.Debug|Any CPU.Build.0 = Debug|Any CPU
		{ED6BDB6E-D0E2-4F72-A1F4-1E2A88E14641}.Release|Any CPU.ActiveCfg = Release|Any CPU
		{ED6BDB6E-D0E2-4F72-A1F4-1E2A88E14641}.Release|Any CPU.Build.0 = Release|Any CPU
		{F92F912C-7C0B-4518-8F4E-726625234E9D}.Debug|Any CPU.ActiveCfg = Debug|Any CPU
		{F92F912C-7C0B-4518-8F4E-726625234E9D}.Debug|Any CPU.Build.0 = Debug|Any CPU
		{F92F912C-7C0B-4518-8F4E-726625234E9D}.Release|Any CPU.ActiveCfg = Release|Any CPU
		{F92F912C-7C0B-4518-8F4E-726625234E9D}.Release|Any CPU.Build.0 = Release|Any CPU
		{D82E20A6-3D03-4FDF-9597-758F98556D1D}.Debug|Any CPU.ActiveCfg = Debug|Any CPU
		{D82E20A6-3D03-4FDF-9597-758F98556D1D}.Debug|Any CPU.Build.0 = Debug|Any CPU
		{D82E20A6-3D03-4FDF-9597-758F98556D1D}.Release|Any CPU.ActiveCfg = Release|Any CPU
		{D82E20A6-3D03-4FDF-9597-758F98556D1D}.Release|Any CPU.Build.0 = Release|Any CPU
	EndGlobalSection
	GlobalSection(SolutionProperties) = preSolution
		HideSolutionNode = FALSE
	EndGlobalSection
	GlobalSection(NestedProjects) = preSolution
		{3729C79A-754E-4E48-B7A1-62807CDB671F} = {C71861CA-033B-493B-BC4C-0690AE99C665}
		{56C60AFA-74FB-4F53-AD68-9063333BAC33} = {C71861CA-033B-493B-BC4C-0690AE99C665}
		{49C9478B-DDBF-4C88-ADCE-2014AFD31049} = {284CE88C-6F54-476B-9E40-5CC9409264AE}
		{AB8FDD24-BD96-45C0-B20D-BCE567BAA5F7} = {284CE88C-6F54-476B-9E40-5CC9409264AE}
		{11336974-15E4-44A6-BBAF-24BB6CA65B84} = {284CE88C-6F54-476B-9E40-5CC9409264AE}
		{59F3CF7C-02D1-4662-9E6E-EF96238DB7DD} = {215B80D6-703A-417C-A5E3-E983F58AB24A}
		{ED2BE45D-E512-4B2F-992B-295C1429750E} = {D912D200-5A9B-4D05-8C8C-FE9ECA2CEC84}
		{443D6F23-7EDF-41D8-B3E9-1AD822C587F0} = {D912D200-5A9B-4D05-8C8C-FE9ECA2CEC84}
		{FDA0A735-4FD7-406D-A39F-B1EE001CF047} = {4C8200FC-0CFF-4E69-95A1-1E6E1F12F8BE}
		{0F1452E4-7108-4494-B3BE-E4311FBBA239} = {12C45501-6A73-4EDC-8A49-56B0BF1E694B}
		{EAB82380-5F3D-4696-8E27-8A6EB3ADA3ED} = {50931EDF-D769-4C2F-9EF0-F87D74065E5E}
		{DC87E58C-480C-4FBE-A9AC-A133B464FDEB} = {A5AC40EF-A32E-47D0-9C43-024C668B90EB}
		{4FE25E22-584C-4788-B0F2-588908074C3D} = {DF1E91E2-5A85-4F55-B9F0-088E8D6B9810}
		{1827F33D-1954-4511-A323-A9F8037EFB6F} = {6E8E6E5A-E4F3-4A2F-B18A-EB9EF8DA8284}
		{541B48EE-DB74-4CB1-81C0-D6F51908A8EA} = {8B4D3CB9-3575-4E47-B2E2-420F5646E9A4}
		{35F0557A-7DD6-4C01-8490-F3E529F162FF} = {4738ADBB-2319-4654-AD95-ADABF92F31B6}
		{F725699C-201C-4945-A924-3B3F766A86D5} = {2B37784E-5256-45A8-845D-1CB9CC268350}
		{CFC5F13A-385F-443F-B06D-5B1181232B74} = {1FE071AC-6EA0-45C8-97E9-EA16D8DEBDA8}
		{D0A1AAD3-2FAD-47DA-8B65-590E79FEEA2E} = {8724143E-909C-4640-A44C-53C83434E5F6}
		{936772E8-9FC9-473E-BD42-0B87428A711B} = {F4F68853-ABEF-498B-93A4-7E54F76418EA}
		{BCBE1CB8-E8CF-482F-929D-7884A126C2B3} = {C759051F-18F8-4E03-926E-559CDC3A9A7A}
		{69007759-BFC6-4588-A32C-B04E9DB12FC5} = {6CC772BE-27C2-46EE-8FA8-0D107DBB21BB}
		{ED6BDB6E-D0E2-4F72-A1F4-1E2A88E14641} = {1538661A-6F66-4A0C-8EB1-B7C8BB4EB7DD}
		{F92F912C-7C0B-4518-8F4E-726625234E9D} = {9D3992D0-D73D-48D1-91A1-415C3539E84B}
		{D82E20A6-3D03-4FDF-9597-758F98556D1D} = {D30DF2E6-8536-4D9F-BF35-8D1C403F4771}
	EndGlobalSection
	GlobalSection(ExtensibilityGlobals) = postSolution
		SolutionGuid = {955767DB-AC70-4E17-A293-CD4586DB2FF0}
	EndGlobalSection
EndGlobal
